// !$*UTF8*$!
{
	archiveVersion = 1;
	classes = {
	};
	objectVersion = 46;
	objects = {

/* Begin PBXBuildFile section */
		4E5E58571AEFF02B00DF8BC2 /* DataManager.swift in Sources */ = {isa = PBXBuildFile; fileRef = 4E5E58561AEFF02B00DF8BC2 /* DataManager.swift */; };
		4E5E58591AF0060700DF8BC2 /* User.swift in Sources */ = {isa = PBXBuildFile; fileRef = 4E5E58581AF0060700DF8BC2 /* User.swift */; };
		6E2AEEB81AF141D400E130D6 /* jSONManager.swift in Sources */ = {isa = PBXBuildFile; fileRef = 6E2AEEB71AF141D400E130D6 /* jSONManager.swift */; };
		6E7B5F081AEEA6E700055028 /* AppDelegate.swift in Sources */ = {isa = PBXBuildFile; fileRef = 6E7B5F071AEEA6E700055028 /* AppDelegate.swift */; };
		6E7B5F0B1AEEA6E700055028 /* GitApp.xcdatamodeld in Sources */ = {isa = PBXBuildFile; fileRef = 6E7B5F091AEEA6E700055028 /* GitApp.xcdatamodeld */; };
		6E7B5F0D1AEEA6E700055028 /* MasterViewController.swift in Sources */ = {isa = PBXBuildFile; fileRef = 6E7B5F0C1AEEA6E700055028 /* MasterViewController.swift */; };
		6E7B5F0F1AEEA6E700055028 /* DetailViewController.swift in Sources */ = {isa = PBXBuildFile; fileRef = 6E7B5F0E1AEEA6E700055028 /* DetailViewController.swift */; };
		6E7B5F121AEEA6E700055028 /* Main.storyboard in Resources */ = {isa = PBXBuildFile; fileRef = 6E7B5F101AEEA6E700055028 /* Main.storyboard */; };
		6E7B5F141AEEA6E700055028 /* Images.xcassets in Resources */ = {isa = PBXBuildFile; fileRef = 6E7B5F131AEEA6E700055028 /* Images.xcassets */; };
		6E7B5F171AEEA6E700055028 /* LaunchScreen.xib in Resources */ = {isa = PBXBuildFile; fileRef = 6E7B5F151AEEA6E700055028 /* LaunchScreen.xib */; };
		6E7B5F231AEEA6E700055028 /* GitAppTests.swift in Sources */ = {isa = PBXBuildFile; fileRef = 6E7B5F221AEEA6E700055028 /* GitAppTests.swift */; };
		6E7B5F2D1AEEB1C700055028 /* Label.swift in Sources */ = {isa = PBXBuildFile; fileRef = 6E7B5F2C1AEEB1C700055028 /* Label.swift */; };
		6E7B5F2F1AEEB1C700055028 /* Project.swift in Sources */ = {isa = PBXBuildFile; fileRef = 6E7B5F2E1AEEB1C700055028 /* Project.swift */; };
		6E7B5F311AEEB1C800055028 /* PullRequest.swift in Sources */ = {isa = PBXBuildFile; fileRef = 6E7B5F301AEEB1C800055028 /* PullRequest.swift */; };
/* End PBXBuildFile section */

/* Begin PBXContainerItemProxy section */
		6E7B5F1D1AEEA6E700055028 /* PBXContainerItemProxy */ = {
			isa = PBXContainerItemProxy;
			containerPortal = 6E7B5EFA1AEEA6E600055028 /* Project object */;
			proxyType = 1;
			remoteGlobalIDString = 6E7B5F011AEEA6E700055028;
			remoteInfo = GitApp;
		};
/* End PBXContainerItemProxy section */

/* Begin PBXFileReference section */
		4E5E58561AEFF02B00DF8BC2 /* DataManager.swift */ = {isa = PBXFileReference; fileEncoding = 4; lastKnownFileType = sourcecode.swift; path = DataManager.swift; sourceTree = "<group>"; };
		4E5E58581AF0060700DF8BC2 /* User.swift */ = {isa = PBXFileReference; fileEncoding = 4; lastKnownFileType = sourcecode.swift; path = User.swift; sourceTree = "<group>"; };
		6E2AEEB71AF141D400E130D6 /* jSONManager.swift */ = {isa = PBXFileReference; fileEncoding = 4; lastKnownFileType = sourcecode.swift; path = jSONManager.swift; sourceTree = "<group>"; };
		6E7B5F021AEEA6E700055028 /* GitApp.app */ = {isa = PBXFileReference; explicitFileType = wrapper.application; includeInIndex = 0; path = GitApp.app; sourceTree = BUILT_PRODUCTS_DIR; };
		6E7B5F061AEEA6E700055028 /* Info.plist */ = {isa = PBXFileReference; lastKnownFileType = text.plist.xml; path = Info.plist; sourceTree = "<group>"; };
		6E7B5F071AEEA6E700055028 /* AppDelegate.swift */ = {isa = PBXFileReference; lastKnownFileType = sourcecode.swift; path = AppDelegate.swift; sourceTree = "<group>"; };
		6E7B5F0A1AEEA6E700055028 /* GitApp.xcdatamodel */ = {isa = PBXFileReference; lastKnownFileType = wrapper.xcdatamodel; path = GitApp.xcdatamodel; sourceTree = "<group>"; };
		6E7B5F0C1AEEA6E700055028 /* MasterViewController.swift */ = {isa = PBXFileReference; lastKnownFileType = sourcecode.swift; path = MasterViewController.swift; sourceTree = "<group>"; };
		6E7B5F0E1AEEA6E700055028 /* DetailViewController.swift */ = {isa = PBXFileReference; lastKnownFileType = sourcecode.swift; path = DetailViewController.swift; sourceTree = "<group>"; };
		6E7B5F111AEEA6E700055028 /* Base */ = {isa = PBXFileReference; lastKnownFileType = file.storyboard; name = Base; path = Base.lproj/Main.storyboard; sourceTree = "<group>"; };
		6E7B5F131AEEA6E700055028 /* Images.xcassets */ = {isa = PBXFileReference; lastKnownFileType = folder.assetcatalog; path = Images.xcassets; sourceTree = "<group>"; };
		6E7B5F161AEEA6E700055028 /* Base */ = {isa = PBXFileReference; lastKnownFileType = file.xib; name = Base; path = Base.lproj/LaunchScreen.xib; sourceTree = "<group>"; };
		6E7B5F1C1AEEA6E700055028 /* GitAppTests.xctest */ = {isa = PBXFileReference; explicitFileType = wrapper.cfbundle; includeInIndex = 0; path = GitAppTests.xctest; sourceTree = BUILT_PRODUCTS_DIR; };
		6E7B5F211AEEA6E700055028 /* Info.plist */ = {isa = PBXFileReference; lastKnownFileType = text.plist.xml; path = Info.plist; sourceTree = "<group>"; };
		6E7B5F221AEEA6E700055028 /* GitAppTests.swift */ = {isa = PBXFileReference; lastKnownFileType = sourcecode.swift; path = GitAppTests.swift; sourceTree = "<group>"; };
		6E7B5F2C1AEEB1C700055028 /* Label.swift */ = {isa = PBXFileReference; fileEncoding = 4; lastKnownFileType = sourcecode.swift; path = Label.swift; sourceTree = "<group>"; };
		6E7B5F2E1AEEB1C700055028 /* Project.swift */ = {isa = PBXFileReference; fileEncoding = 4; lastKnownFileType = sourcecode.swift; path = Project.swift; sourceTree = "<group>"; };
		6E7B5F301AEEB1C800055028 /* PullRequest.swift */ = {isa = PBXFileReference; fileEncoding = 4; lastKnownFileType = sourcecode.swift; path = PullRequest.swift; sourceTree = "<group>"; };
/* End PBXFileReference section */

/* Begin PBXFrameworksBuildPhase section */
		6E7B5EFF1AEEA6E700055028 /* Frameworks */ = {
			isa = PBXFrameworksBuildPhase;
			buildActionMask = 2147483647;
			files = (
			);
			runOnlyForDeploymentPostprocessing = 0;
		};
		6E7B5F191AEEA6E700055028 /* Frameworks */ = {
			isa = PBXFrameworksBuildPhase;
			buildActionMask = 2147483647;
			files = (
			);
			runOnlyForDeploymentPostprocessing = 0;
		};
/* End PBXFrameworksBuildPhase section */

/* Begin PBXGroup section */
		6E7B5EF91AEEA6E600055028 = {
			isa = PBXGroup;
			children = (
				4E5E58581AF0060700DF8BC2 /* User.swift */,
				6E7B5F041AEEA6E700055028 /* GitApp */,
				6E7B5F1F1AEEA6E700055028 /* GitAppTests */,
				6E7B5F031AEEA6E700055028 /* Products */,
			);
			sourceTree = "<group>";
		};
		6E7B5F031AEEA6E700055028 /* Products */ = {
			isa = PBXGroup;
			children = (
				6E7B5F021AEEA6E700055028 /* GitApp.app */,
				6E7B5F1C1AEEA6E700055028 /* GitAppTests.xctest */,
			);
			name = Products;
			sourceTree = "<group>";
		};
		6E7B5F041AEEA6E700055028 /* GitApp */ = {
			isa = PBXGroup;
			children = (
				6E7B5F071AEEA6E700055028 /* AppDelegate.swift */,
				6E2AEEB71AF141D400E130D6 /* jSONManager.swift */,
				6E7B5F0C1AEEA6E700055028 /* MasterViewController.swift */,
				4E5E58561AEFF02B00DF8BC2 /* DataManager.swift */,
				6E7B5F0E1AEEA6E700055028 /* DetailViewController.swift */,
				6E7B5F101AEEA6E700055028 /* Main.storyboard */,
				6E7B5F131AEEA6E700055028 /* Images.xcassets */,
				6E7B5F151AEEA6E700055028 /* LaunchScreen.xib */,
				6E7B5F091AEEA6E700055028 /* GitApp.xcdatamodeld */,
				6E7B5F301AEEB1C800055028 /* PullRequest.swift */,
				6E7B5F2E1AEEB1C700055028 /* Project.swift */,
				6E7B5F2C1AEEB1C700055028 /* Label.swift */,
				6E7B5F051AEEA6E700055028 /* Supporting Files */,
			);
			path = GitApp;
			sourceTree = "<group>";
		};
		6E7B5F051AEEA6E700055028 /* Supporting Files */ = {
			isa = PBXGroup;
			children = (
				6E7B5F061AEEA6E700055028 /* Info.plist */,
			);
			name = "Supporting Files";
			sourceTree = "<group>";
		};
		6E7B5F1F1AEEA6E700055028 /* GitAppTests */ = {
			isa = PBXGroup;
			children = (
				6E7B5F221AEEA6E700055028 /* GitAppTests.swift */,
				6E7B5F201AEEA6E700055028 /* Supporting Files */,
			);
			path = GitAppTests;
			sourceTree = "<group>";
		};
		6E7B5F201AEEA6E700055028 /* Supporting Files */ = {
			isa = PBXGroup;
			children = (
				6E7B5F211AEEA6E700055028 /* Info.plist */,
			);
			name = "Supporting Files";
			sourceTree = "<group>";
		};
/* End PBXGroup section */

/* Begin PBXNativeTarget section */
		6E7B5F011AEEA6E700055028 /* GitApp */ = {
			isa = PBXNativeTarget;
			buildConfigurationList = 6E7B5F261AEEA6E700055028 /* Build configuration list for PBXNativeTarget "GitApp" */;
			buildPhases = (
				6E7B5EFE1AEEA6E700055028 /* Sources */,
				6E7B5EFF1AEEA6E700055028 /* Frameworks */,
				6E7B5F001AEEA6E700055028 /* Resources */,
			);
			buildRules = (
			);
			dependencies = (
			);
			name = GitApp;
			productName = GitApp;
			productReference = 6E7B5F021AEEA6E700055028 /* GitApp.app */;
			productType = "com.apple.product-type.application";
		};
		6E7B5F1B1AEEA6E700055028 /* GitAppTests */ = {
			isa = PBXNativeTarget;
			buildConfigurationList = 6E7B5F291AEEA6E700055028 /* Build configuration list for PBXNativeTarget "GitAppTests" */;
			buildPhases = (
				6E7B5F181AEEA6E700055028 /* Sources */,
				6E7B5F191AEEA6E700055028 /* Frameworks */,
				6E7B5F1A1AEEA6E700055028 /* Resources */,
			);
			buildRules = (
			);
			dependencies = (
				6E7B5F1E1AEEA6E700055028 /* PBXTargetDependency */,
			);
			name = GitAppTests;
			productName = GitAppTests;
			productReference = 6E7B5F1C1AEEA6E700055028 /* GitAppTests.xctest */;
			productType = "com.apple.product-type.bundle.unit-test";
		};
/* End PBXNativeTarget section */

/* Begin PBXProject section */
		6E7B5EFA1AEEA6E600055028 /* Project object */ = {
			isa = PBXProject;
			attributes = {
				LastUpgradeCheck = 0630;
				ORGANIZATIONNAME = "Felipe Marques Ramos";
				TargetAttributes = {
					6E7B5F011AEEA6E700055028 = {
						CreatedOnToolsVersion = 6.3;
					};
					6E7B5F1B1AEEA6E700055028 = {
						CreatedOnToolsVersion = 6.3;
						TestTargetID = 6E7B5F011AEEA6E700055028;
					};
				};
			};
			buildConfigurationList = 6E7B5EFD1AEEA6E600055028 /* Build configuration list for PBXProject "GitApp" */;
			compatibilityVersion = "Xcode 3.2";
			developmentRegion = English;
			hasScannedForEncodings = 0;
			knownRegions = (
				en,
				Base,
			);
			mainGroup = 6E7B5EF91AEEA6E600055028;
			productRefGroup = 6E7B5F031AEEA6E700055028 /* Products */;
			projectDirPath = "";
			projectRoot = "";
			targets = (
				6E7B5F011AEEA6E700055028 /* GitApp */,
				6E7B5F1B1AEEA6E700055028 /* GitAppTests */,
			);
		};
/* End PBXProject section */

/* Begin PBXResourcesBuildPhase section */
		6E7B5F001AEEA6E700055028 /* Resources */ = {
			isa = PBXResourcesBuildPhase;
			buildActionMask = 2147483647;
			files = (
				6E7B5F121AEEA6E700055028 /* Main.storyboard in Resources */,
				6E7B5F171AEEA6E700055028 /* LaunchScreen.xib in Resources */,
				6E7B5F141AEEA6E700055028 /* Images.xcassets in Resources */,
			);
			runOnlyForDeploymentPostprocessing = 0;
		};
		6E7B5F1A1AEEA6E700055028 /* Resources */ = {
			isa = PBXResourcesBuildPhase;
			buildActionMask = 2147483647;
			files = (
			);
			runOnlyForDeploymentPostprocessing = 0;
		};
/* End PBXResourcesBuildPhase section */

/* Begin PBXSourcesBuildPhase section */
		6E7B5EFE1AEEA6E700055028 /* Sources */ = {
			isa = PBXSourcesBuildPhase;
			buildActionMask = 2147483647;
			files = (
				6E7B5F0B1AEEA6E700055028 /* GitApp.xcdatamodeld in Sources */,
				6E7B5F081AEEA6E700055028 /* AppDelegate.swift in Sources */,
				6E7B5F311AEEB1C800055028 /* PullRequest.swift in Sources */,
				6E7B5F0D1AEEA6E700055028 /* MasterViewController.swift in Sources */,
				6E7B5F2D1AEEB1C700055028 /* Label.swift in Sources */,
				4E5E58591AF0060700DF8BC2 /* User.swift in Sources */,
				6E7B5F0F1AEEA6E700055028 /* DetailViewController.swift in Sources */,
				6E2AEEB81AF141D400E130D6 /* jSONManager.swift in Sources */,
				4E5E58571AEFF02B00DF8BC2 /* DataManager.swift in Sources */,
				6E7B5F2F1AEEB1C700055028 /* Project.swift in Sources */,
			);
			runOnlyForDeploymentPostprocessing = 0;
		};
		6E7B5F181AEEA6E700055028 /* Sources */ = {
			isa = PBXSourcesBuildPhase;
			buildActionMask = 2147483647;
			files = (
				6E7B5F231AEEA6E700055028 /* GitAppTests.swift in Sources */,
			);
			runOnlyForDeploymentPostprocessing = 0;
		};
/* End PBXSourcesBuildPhase section */

/* Begin PBXTargetDependency section */
		6E7B5F1E1AEEA6E700055028 /* PBXTargetDependency */ = {
			isa = PBXTargetDependency;
			target = 6E7B5F011AEEA6E700055028 /* GitApp */;
			targetProxy = 6E7B5F1D1AEEA6E700055028 /* PBXContainerItemProxy */;
		};
/* End PBXTargetDependency section */

/* Begin PBXVariantGroup section */
		6E7B5F101AEEA6E700055028 /* Main.storyboard */ = {
			isa = PBXVariantGroup;
			children = (
				6E7B5F111AEEA6E700055028 /* Base */,
			);
			name = Main.storyboard;
			sourceTree = "<group>";
		};
		6E7B5F151AEEA6E700055028 /* LaunchScreen.xib */ = {
			isa = PBXVariantGroup;
			children = (
				6E7B5F161AEEA6E700055028 /* Base */,
			);
			name = LaunchScreen.xib;
			sourceTree = "<group>";
		};
/* End PBXVariantGroup section */

/* Begin XCBuildConfiguration section */
		6E7B5F241AEEA6E700055028 /* Debug */ = {
			isa = XCBuildConfiguration;
			buildSettings = {
				ALWAYS_SEARCH_USER_PATHS = NO;
				CLANG_CXX_LANGUAGE_STANDARD = "gnu++0x";
				CLANG_CXX_LIBRARY = "libc++";
				CLANG_ENABLE_MODULES = YES;
				CLANG_ENABLE_OBJC_ARC = YES;
				CLANG_WARN_BOOL_CONVERSION = YES;
				CLANG_WARN_CONSTANT_CONVERSION = YES;
				CLANG_WARN_DIRECT_OBJC_ISA_USAGE = YES_ERROR;
				CLANG_WARN_EMPTY_BODY = YES;
				CLANG_WARN_ENUM_CONVERSION = YES;
				CLANG_WARN_INT_CONVERSION = YES;
				CLANG_WARN_OBJC_ROOT_CLASS = YES_ERROR;
				CLANG_WARN_UNREACHABLE_CODE = YES;
				CLANG_WARN__DUPLICATE_METHOD_MATCH = YES;
				"CODE_SIGN_IDENTITY[sdk=iphoneos*]" = "iPhone Developer";
				COPY_PHASE_STRIP = NO;
				DEBUG_INFORMATION_FORMAT = "dwarf-with-dsym";
				ENABLE_STRICT_OBJC_MSGSEND = YES;
				GCC_C_LANGUAGE_STANDARD = gnu99;
				GCC_DYNAMIC_NO_PIC = NO;
				GCC_NO_COMMON_BLOCKS = YES;
				GCC_OPTIMIZATION_LEVEL = 0;
				GCC_PREPROCESSOR_DEFINITIONS = (
					"DEBUG=1",
					"$(inherited)",
				);
				GCC_SYMBOLS_PRIVATE_EXTERN = NO;
				GCC_WARN_64_TO_32_BIT_CONVERSION = YES;
				GCC_WARN_ABOUT_RETURN_TYPE = YES_ERROR;
				GCC_WARN_UNDECLARED_SELECTOR = YES;
				GCC_WARN_UNINITIALIZED_AUTOS = YES_AGGRESSIVE;
				GCC_WARN_UNUSED_FUNCTION = YES;
				GCC_WARN_UNUSED_VARIABLE = YES;
				IPHONEOS_DEPLOYMENT_TARGET = 8.3;
				MTL_ENABLE_DEBUG_INFO = YES;
				ONLY_ACTIVE_ARCH = YES;
				SDKROOT = iphoneos;
				SWIFT_OPTIMIZATION_LEVEL = "-Onone";
				TARGETED_DEVICE_FAMILY = "1,2";
			};
			name = Debug;
		};
		6E7B5F251AEEA6E700055028 /* Release */ = {
			isa = XCBuildConfiguration;
			buildSettings = {
				ALWAYS_SEARCH_USER_PATHS = NO;
				CLANG_CXX_LANGUAGE_STANDARD = "gnu++0x";
				CLANG_CXX_LIBRARY = "libc++";
				CLANG_ENABLE_MODULES = YES;
				CLANG_ENABLE_OBJC_ARC = YES;
				CLANG_WARN_BOOL_CONVERSION = YES;
				CLANG_WARN_CONSTANT_CONVERSION = YES;
				CLANG_WARN_DIRECT_OBJC_ISA_USAGE = YES_ERROR;
				CLANG_WARN_EMPTY_BODY = YES;
				CLANG_WARN_ENUM_CONVERSION = YES;
				CLANG_WARN_INT_CONVERSION = YES;
				CLANG_WARN_OBJC_ROOT_CLASS = YES_ERROR;
				CLANG_WARN_UNREACHABLE_CODE = YES;
				CLANG_WARN__DUPLICATE_METHOD_MATCH = YES;
				"CODE_SIGN_IDENTITY[sdk=iphoneos*]" = "iPhone Developer";
				COPY_PHASE_STRIP = NO;
				DEBUG_INFORMATION_FORMAT = "dwarf-with-dsym";
				ENABLE_NS_ASSERTIONS = NO;
				ENABLE_STRICT_OBJC_MSGSEND = YES;
				GCC_C_LANGUAGE_STANDARD = gnu99;
				GCC_NO_COMMON_BLOCKS = YES;
				GCC_WARN_64_TO_32_BIT_CONVERSION = YES;
				GCC_WARN_ABOUT_RETURN_TYPE = YES_ERROR;
				GCC_WARN_UNDECLARED_SELECTOR = YES;
				GCC_WARN_UNINITIALIZED_AUTOS = YES_AGGRESSIVE;
				GCC_WARN_UNUSED_FUNCTION = YES;
				GCC_WARN_UNUSED_VARIABLE = YES;
				IPHONEOS_DEPLOYMENT_TARGET = 8.3;
				MTL_ENABLE_DEBUG_INFO = NO;
				SDKROOT = iphoneos;
				TARGETED_DEVICE_FAMILY = "1,2";
				VALIDATE_PRODUCT = YES;
			};
			name = Release;
		};
		6E7B5F271AEEA6E700055028 /* Debug */ = {
			isa = XCBuildConfiguration;
			buildSettings = {
				ASSETCATALOG_COMPILER_APPICON_NAME = AppIcon;
				INFOPLIST_FILE = GitApp/Info.plist;
				LD_RUNPATH_SEARCH_PATHS = "$(inherited) @executable_path/Frameworks";
				PRODUCT_NAME = "$(TARGET_NAME)";
			};
			name = Debug;
		};
		6E7B5F281AEEA6E700055028 /* Release */ = {
			isa = XCBuildConfiguration;
			buildSettings = {
				ASSETCATALOG_COMPILER_APPICON_NAME = AppIcon;
				INFOPLIST_FILE = GitApp/Info.plist;
				LD_RUNPATH_SEARCH_PATHS = "$(inherited) @executable_path/Frameworks";
				PRODUCT_NAME = "$(TARGET_NAME)";
			};
			name = Release;
		};
		6E7B5F2A1AEEA6E700055028 /* Debug */ = {
			isa = XCBuildConfiguration;
			buildSettings = {
				BUNDLE_LOADER = "$(TEST_HOST)";
				FRAMEWORK_SEARCH_PATHS = (
					"$(SDKROOT)/Developer/Library/Frameworks",
					"$(inherited)",
				);
				GCC_PREPROCESSOR_DEFINITIONS = (
					"DEBUG=1",
					"$(inherited)",
				);
				INFOPLIST_FILE = GitAppTests/Info.plist;
				LD_RUNPATH_SEARCH_PATHS = "$(inherited) @executable_path/Frameworks @loader_path/Frameworks";
				PRODUCT_NAME = "$(TARGET_NAME)";
				TEST_HOST = "$(BUILT_PRODUCTS_DIR)/GitApp.app/GitApp";
			};
			name = Debug;
		};
		6E7B5F2B1AEEA6E700055028 /* Release */ = {
			isa = XCBuildConfiguration;
			buildSettings = {
				BUNDLE_LOADER = "$(TEST_HOST)";
				FRAMEWORK_SEARCH_PATHS = (
					"$(SDKROOT)/Developer/Library/Frameworks",
					"$(inherited)",
				);
				INFOPLIST_FILE = GitAppTests/Info.plist;
				LD_RUNPATH_SEARCH_PATHS = "$(inherited) @executable_path/Frameworks @loader_path/Frameworks";
				PRODUCT_NAME = "$(TARGET_NAME)";
				TEST_HOST = "$(BUILT_PRODUCTS_DIR)/GitApp.app/GitApp";
			};
			name = Release;
		};
/* End XCBuildConfiguration section */

/* Begin XCConfigurationList section */
		6E7B5EFD1AEEA6E600055028 /* Build configuration list for PBXProject "GitApp" */ = {
			isa = XCConfigurationList;
			buildConfigurations = (
				6E7B5F241AEEA6E700055028 /* Debug */,
				6E7B5F251AEEA6E700055028 /* Release */,
			);
			defaultConfigurationIsVisible = 0;
			defaultConfigurationName = Release;
		};
		6E7B5F261AEEA6E700055028 /* Build configuration list for PBXNativeTarget "GitApp" */ = {
			isa = XCConfigurationList;
			buildConfigurations = (
				6E7B5F271AEEA6E700055028 /* Debug */,
				6E7B5F281AEEA6E700055028 /* Release */,
			);
			defaultConfigurationIsVisible = 0;
			defaultConfigurationName = Release;
		};
		6E7B5F291AEEA6E700055028 /* Build configuration list for PBXNativeTarget "GitAppTests" */ = {
			isa = XCConfigurationList;
			buildConfigurations = (
				6E7B5F2A1AEEA6E700055028 /* Debug */,
				6E7B5F2B1AEEA6E700055028 /* Release */,
			);
			defaultConfigurationIsVisible = 0;
			defaultConfigurationName = Release;
		};
/* End XCConfigurationList section */

/* Begin XCVersionGroup section */
		6E7B5F091AEEA6E700055028 /* GitApp.xcdatamodeld */ = {
			isa = XCVersionGroup;
			children = (
				6E7B5F0A1AEEA6E700055028 /* GitApp.xcdatamodel */,
			);
			currentVersion = 6E7B5F0A1AEEA6E700055028 /* GitApp.xcdatamodel */;
			path = GitApp.xcdatamodeld;
			sourceTree = "<group>";
			versionGroupType = wrapper.xcdatamodel;
		};
/* End XCVersionGroup section */
	};
	rootObject = 6E7B5EFA1AEEA6E600055028 /* Project object */;
}
